
Microsoft Visual Studio Solution File, Format Version 12.00
# Visual Studio Version 16
VisualStudioVersion = 16.0.810.21
MinimumVisualStudioVersion = 10.0.40219.1
Project("{FAE04EC0-301F-11D3-BF4B-00C04F79EFBC}") = "Calculator", "Tutorials\Calculator.csproj", "{A7B00732-54E2-40AE-B9B7-BD1181FFBFF4}"
EndProject
Project("{FAE04EC0-301F-11D3-BF4B-00C04F79EFBC}") = "madlib_game", "Tutorials\madlib_game\madlib_game.csproj", "{1686C7A1-FD0C-489D-A16F-34D37B2FC69C}"
EndProject
Project("{FAE04EC0-301F-11D3-BF4B-00C04F79EFBC}") = "Guessing_game", "Tutorials\Guessing_game\Guessing_game.csproj", "{A17D4306-C0EF-4857-94A9-692F54386952}"
EndProject
Project("{FAE04EC0-301F-11D3-BF4B-00C04F79EFBC}") = "Exponent_Method", "Tutorials\Exponent_Method\Exponent_Method.csproj", "{8FB88537-A046-4C54-8D34-65500B2E1E01}"
EndProject
Project("{FAE04EC0-301F-11D3-BF4B-00C04F79EFBC}") = "NumberGuesser", "Tutorials\NumberGuesser\NumberGuesser.csproj", "{758D4753-B1D0-4322-B4AC-1A613D45A581}"
EndProject
Global
	GlobalSection(SolutionConfigurationPlatforms) = preSolution
		Debug|anycpu = Debug|anycpu
		Release|anycpu = Release|anycpu
	EndGlobalSection
	GlobalSection(ProjectConfigurationPlatforms) = postSolution
		{A7B00732-54E2-40AE-B9B7-BD1181FFBFF4}.Debug|anycpu.ActiveCfg = Debug|anycpu
		{A7B00732-54E2-40AE-B9B7-BD1181FFBFF4}.Debug|anycpu.Build.0 = Debug|anycpu
		{A7B00732-54E2-40AE-B9B7-BD1181FFBFF4}.Release|anycpu.ActiveCfg = Release|anycpu
		{A7B00732-54E2-40AE-B9B7-BD1181FFBFF4}.Release|anycpu.Build.0 = Release|anycpu
		{1686C7A1-FD0C-489D-A16F-34D37B2FC69C}.Debug|anycpu.ActiveCfg = Debug|Any CPU
		{1686C7A1-FD0C-489D-A16F-34D37B2FC69C}.Debug|anycpu.Build.0 = Debug|Any CPU
		{1686C7A1-FD0C-489D-A16F-34D37B2FC69C}.Release|anycpu.ActiveCfg = Release|Any CPU
		{1686C7A1-FD0C-489D-A16F-34D37B2FC69C}.Release|anycpu.Build.0 = Release|Any CPU
		{A17D4306-C0EF-4857-94A9-692F54386952}.Debug|anycpu.ActiveCfg = Debug|Any CPU
		{A17D4306-C0EF-4857-94A9-692F54386952}.Debug|anycpu.Build.0 = Debug|Any CPU
		{A17D4306-C0EF-4857-94A9-692F54386952}.Release|anycpu.ActiveCfg = Release|Any CPU
		{A17D4306-C0EF-4857-94A9-692F54386952}.Release|anycpu.Build.0 = Release|Any CPU
		{8FB88537-A046-4C54-8D34-65500B2E1E01}.Debug|anycpu.ActiveCfg = Debug|Any CPU
		{8FB88537-A046-4C54-8D34-65500B2E1E01}.Debug|anycpu.Build.0 = Debug|Any CPU
		{8FB88537-A046-4C54-8D34-65500B2E1E01}.Release|anycpu.ActiveCfg = Release|Any CPU
		{8FB88537-A046-4C54-8D34-65500B2E1E01}.Release|anycpu.Build.0 = Release|Any CPU
		{758D4753-B1D0-4322-B4AC-1A613D45A581}.Debug|anycpu.ActiveCfg = Debug|Any CPU
		{758D4753-B1D0-4322-B4AC-1A613D45A581}.Debug|anycpu.Build.0 = Debug|Any CPU
		{758D4753-B1D0-4322-B4AC-1A613D45A581}.Release|anycpu.ActiveCfg = Release|Any CPU
		{758D4753-B1D0-4322-B4AC-1A613D45A581}.Release|anycpu.Build.0 = Release|Any CPU
	EndGlobalSection
	GlobalSection(SolutionProperties) = preSolution
		HideSolutionNode = FALSE
	EndGlobalSection
	GlobalSection(ExtensibilityGlobals) = postSolution
		SolutionGuid = {4DC6AC9C-9156-4B68-AD30-D6FAAE7E4319}
	EndGlobalSection
	GlobalSection(MonoDevelopProperties) = preSolution
		BaseDirectory = Tutorials
		outputpath = build/bin
	EndGlobalSection
EndGlobal
